
Microsoft Visual Studio Solution File, Format Version 12.00
# Visual Studio 2013
VisualStudioVersion = 12.0.40629.0
MinimumVisualStudioVersion = 10.0.40219.1
Project("{FAE04EC0-301F-11D3-BF4B-00C04F79EFBC}") = "Docimax.Common", "Docimax.Common\Docimax.Common.csproj", "{DE6FCD04-FB2A-41F9-B668-3CAAA49CF341}"
EndProject
Project("{FAE04EC0-301F-11D3-BF4B-00C04F79EFBC}") = "Docimax.Web_ICD", "Docimax.Web_ICD\Docimax.Web_ICD.csproj", "{D46646F6-A411-4575-8AE8-790E5B01C098}"
EndProject
Project("{FAE04EC0-301F-11D3-BF4B-00C04F79EFBC}") = "Docimax.Data_ICD", "Docimax.Data_ICD\Docimax.Data_ICD.csproj", "{900E11B2-C5D6-4E50-A2B4-1941F13E6BD5}"
EndProject
Project("{FAE04EC0-301F-11D3-BF4B-00C04F79EFBC}") = "Docimax.Interface_ICD", "Docimax.Interface_ICD\Docimax.Interface_ICD.csproj", "{9F9C5D91-3CB0-45A0-9587-D79E42F1C444}"
EndProject
Project("{FAE04EC0-301F-11D3-BF4B-00C04F79EFBC}") = "Docimax.Common_ICD", "Docimax.Common_ICD\Docimax.Common_ICD.csproj", "{1BAE84AA-65E4-415A-8E89-76D3082E161B}"
EndProject
Project("{FAE04EC0-301F-11D3-BF4B-00C04F79EFBC}") = "Docimax.CodeOrder", "Docimax.CodeOrder\Docimax.CodeOrder.csproj", "{F362F8CE-69C7-45D1-99AC-E3F4E7F31E6E}"
EndProject
Project("{2150E333-8FDC-42A3-9474-1A3956D46DE8}") = "Lib", "Lib", "{DF3448BC-4D69-454B-A74D-34FB82E22E1B}"
	ProjectSection(SolutionItems) = preProject
		Lib\Docimax.Common.Encryption.dll = Lib\Docimax.Common.Encryption.dll
	EndProjectSection
EndProject
Global
	GlobalSection(SolutionConfigurationPlatforms) = preSolution
		Debug|Any CPU = Debug|Any CPU
		Release|Any CPU = Release|Any CPU
	EndGlobalSection
	GlobalSection(ProjectConfigurationPlatforms) = postSolution
		{DE6FCD04-FB2A-41F9-B668-3CAAA49CF341}.Debug|Any CPU.ActiveCfg = Debug|Any CPU
		{DE6FCD04-FB2A-41F9-B668-3CAAA49CF341}.Debug|Any CPU.Build.0 = Debug|Any CPU
		{DE6FCD04-FB2A-41F9-B668-3CAAA49CF341}.Release|Any CPU.ActiveCfg = Release|Any CPU
		{DE6FCD04-FB2A-41F9-B668-3CAAA49CF341}.Release|Any CPU.Build.0 = Release|Any CPU
		{D46646F6-A411-4575-8AE8-790E5B01C098}.Debug|Any CPU.ActiveCfg = Debug|Any CPU
		{D46646F6-A411-4575-8AE8-790E5B01C098}.Debug|Any CPU.Build.0 = Debug|Any CPU
		{D46646F6-A411-4575-8AE8-790E5B01C098}.Release|Any CPU.ActiveCfg = Release|Any CPU
		{D46646F6-A411-4575-8AE8-790E5B01C098}.Release|Any CPU.Build.0 = Release|Any CPU
		{900E11B2-C5D6-4E50-A2B4-1941F13E6BD5}.Debug|Any CPU.ActiveCfg = Debug|Any CPU
		{900E11B2-C5D6-4E50-A2B4-1941F13E6BD5}.Debug|Any CPU.Build.0 = Debug|Any CPU
		{900E11B2-C5D6-4E50-A2B4-1941F13E6BD5}.Release|Any CPU.ActiveCfg = Release|Any CPU
		{900E11B2-C5D6-4E50-A2B4-1941F13E6BD5}.Release|Any CPU.Build.0 = Release|Any CPU
		{9F9C5D91-3CB0-45A0-9587-D79E42F1C444}.Debug|Any CPU.ActiveCfg = Debug|Any CPU
		{9F9C5D91-3CB0-45A0-9587-D79E42F1C444}.Debug|Any CPU.Build.0 = Debug|Any CPU
		{9F9C5D91-3CB0-45A0-9587-D79E42F1C444}.Release|Any CPU.ActiveCfg = Release|Any CPU
		{9F9C5D91-3CB0-45A0-9587-D79E42F1C444}.Release|Any CPU.Build.0 = Release|Any CPU
		{1BAE84AA-65E4-415A-8E89-76D3082E161B}.Debug|Any CPU.ActiveCfg = Debug|Any CPU
		{1BAE84AA-65E4-415A-8E89-76D3082E161B}.Debug|Any CPU.Build.0 = Debug|Any CPU
		{1BAE84AA-65E4-415A-8E89-76D3082E161B}.Release|Any CPU.ActiveCfg = Release|Any CPU
		{1BAE84AA-65E4-415A-8E89-76D3082E161B}.Release|Any CPU.Build.0 = Release|Any CPU
		{F362F8CE-69C7-45D1-99AC-E3F4E7F31E6E}.Debug|Any CPU.ActiveCfg = Debug|Any CPU
		{F362F8CE-69C7-45D1-99AC-E3F4E7F31E6E}.Debug|Any CPU.Build.0 = Debug|Any CPU
		{F362F8CE-69C7-45D1-99AC-E3F4E7F31E6E}.Release|Any CPU.ActiveCfg = Release|Any CPU
		{F362F8CE-69C7-45D1-99AC-E3F4E7F31E6E}.Release|Any CPU.Build.0 = Release|Any CPU
	EndGlobalSection
	GlobalSection(SolutionProperties) = preSolution
		HideSolutionNode = FALSE
	EndGlobalSection
EndGlobal
